
Microsoft Visual Studio Solution File, Format Version 12.00
# Visual Studio 14
VisualStudioVersion = 14.0.23107.0
MinimumVisualStudioVersion = 10.0.40219.1
Project("{9092AA53-FB77-4645-B42D-1CCCA6BD08BD}") = "gulpBasic", "gulpBasic.njsproj", "{45D3CD2E-1DE3-44E0-AC98-C9268B8A64EB}"
EndProject
Global
	GlobalSection(SolutionConfigurationPlatforms) = preSolution
		Debug|Any CPU = Debug|Any CPU
		Release|Any CPU = Release|Any CPU
	EndGlobalSection
	GlobalSection(ProjectConfigurationPlatforms) = postSolution
		{45D3CD2E-1DE3-44E0-AC98-C9268B8A64EB}.Debug|Any CPU.ActiveCfg = Debug|Any CPU
		{45D3CD2E-1DE3-44E0-AC98-C9268B8A64EB}.Debug|Any CPU.Build.0 = Debug|Any CPU
		{45D3CD2E-1DE3-44E0-AC98-C9268B8A64EB}.Release|Any CPU.ActiveCfg = Release|Any CPU
		{45D3CD2E-1DE3-44E0-AC98-C9268B8A64EB}.Release|Any CPU.Build.0 = Release|Any CPU
	EndGlobalSection
	GlobalSection(SolutionProperties) = preSolution
		HideSolutionNode = FALSE
	EndGlobalSection
EndGlobal
